
Microsoft Visual Studio Solution File, Format Version 12.00
# Visual Studio Version 17
VisualStudioVersion = 17.9.34321.82
MinimumVisualStudioVersion = 10.0.40219.1
Project("{FAE04EC0-301F-11D3-BF4B-00C04F79EFBC}") = "Vistaaa", "Vistaaa\Vistaaa.csproj", "{BE5BF07D-8F60-408B-BB1E-635023A2CB70}"
EndProject
Global
	GlobalSection(SolutionConfigurationPlatforms) = preSolution
		Debug|Any CPU = Debug|Any CPU
		Release|Any CPU = Release|Any CPU
	EndGlobalSection
	GlobalSection(ProjectConfigurationPlatforms) = postSolution
		{BE5BF07D-8F60-408B-BB1E-635023A2CB70}.Debug|Any CPU.ActiveCfg = Debug|Any CPU
		{BE5BF07D-8F60-408B-BB1E-635023A2CB70}.Debug|Any CPU.Build.0 = Debug|Any CPU
		{BE5BF07D-8F60-408B-BB1E-635023A2CB70}.Debug|Any CPU.Deploy.0 = Debug|Any CPU
		{BE5BF07D-8F60-408B-BB1E-635023A2CB70}.Release|Any CPU.ActiveCfg = Release|Any CPU
		{BE5BF07D-8F60-408B-BB1E-635023A2CB70}.Release|Any CPU.Build.0 = Release|Any CPU
		{BE5BF07D-8F60-408B-BB1E-635023A2CB70}.Release|Any CPU.Deploy.0 = Release|Any CPU
	EndGlobalSection
	GlobalSection(SolutionProperties) = preSolution
		HideSolutionNode = FALSE
	EndGlobalSection
	GlobalSection(ExtensibilityGlobals) = postSolution
		SolutionGuid = {CA5D13D8-CB91-44B8-B14A-5D5AC903DF21}
	EndGlobalSection
EndGlobal
